lockfileVersion: '9.0'

settings:
  autoInstallPeers: true
  excludeLinksFromLockfile: false

importers:

  .:
    dependencies:
      '@records/model':
        specifier: link:../records-model
        version: link:../records-model
      jose:
        specifier: 6.2.8
        version: 6.2.8
      postgres:
        specifier: 3.4.9
        version: 3.4.9

packages:

  jose@6.2.8:
    resolution: {integrity: sha512-Bsdjwm3Qsd/P0jR+BHDe3LytDfY7WBq2HmCCLIwuVRHMuEC9ae7/R474GIUdF1NgCyZjzVo/A9DOiOBtXq8ZoQ==}

  postgres@3.4.9:
    resolution: {integrity: sha512-GD3qdB0x1z9xgFI6cdRD6xu2Sp2WCOEoe3mtnyB5Ee0XrrL5Pe+e4CCnJrRMnL1zYtRDZmQQVbvOttLnKDLnaw==}
    engines: {node: '>=12'}

snapshots:

  jose@6.2.8: {}

  postgres@3.4.9: {}
